{
    "_meta": {
        "hash": {
            "sha256": "77bf0aef554ef0d40e98061dbdf7acce8fb93122edca100c239fb2cab17f8f9c"
        },
        "pipfile-spec": 6,
        "requires": {},
        "sources": [
            {
                "url": "https://pypi.python.org/simple",
                "verify_ssl": true
            }
        ]
    },
    "default": {
        "django": {
            "hashes": [
                "sha256:6fcc3cbd55b16f9a01f37de8bcbe286e0ea22e87096557f1511051780338eaea",
                "sha256:bb407d0bb46395ca1241f829f5bd03f7e482f97f7d1936e26e98dacb201ed4ec"
            ],
            "version": "==2.2.1"
        },
        "djangorestframework": {
            "hashes": [
                "sha256:8a435df9007c8b7d8e69a21ef06650e3c0cbe0d4b09e55dd1bd74c89a75a9fcd",
                "sha256:f7a266260d656e1cf4ca54d7a7349609dc8af4fe2590edd0ecd7d7643ea94a17"
            ],
            "version": "==3.9.2"
        },
        "pytz": {
            "hashes": [
                "sha256:303879e36b721603cc54604edcac9d20401bdbe31e1e4fdee5b9f98d5d31dfda",
                "sha256:d747dd3d23d77ef44c6a3526e274af6efeb0a6f1afd5a69ba4d5be4098c8e141"
            ],
            "version": "==2019.1"
        }
    },
    "develop": {}
}
