{
    "_meta": {
        "hash": {
            "sha256": "77bf0aef554ef0d40e98061dbdf7acce8fb93122edca100c239fb2cab17f8f9c"
        },
        "pipfile-spec": 6,
        "requires": {},
        "sources": [
            {
                "url": "https://pypi.python.org/simple",
                "verify_ssl": true
            }
        ]
    },
    "default": {
        "django": {
            "hashes": [
                "sha256:b6a0c610158e65f9636349e07bab4e5fd3caa758aa0847b246498b498ca72f26",
                "sha256:c5d8ad5f4c23dd35a9d07220bf00f23a0c3019c6661550c132b74de97adddb6d"
            ],
            "version": "==2.1.6"
        },
        "djangorestframework": {
            "hashes": [
                "sha256:a4138613b67e3a223be6c97f53b13d759c5b90d2b433bad670b8ebf95402075f",
                "sha256:79c6efbb2514bc50cf25906d7c0a5cfead714c7af667ff4bd110312cd380ae66"
            ],
            "version": "==3.9.1"
        },
        "pytz": {
            "hashes": [
                "sha256:32b0891edff07e28efe91284ed9c31e123d84bea3fd98e1f72be2508f43ef8d9",
                "sha256:d5f05e487007e29e03409f9398d074e158d920d36eb82eaf66fb1136b0c5374c"
            ],
            "version": "==2018.9"
        }
    },
    "develop": {}
}
